
Microsoft Visual Studio Solution File, Format Version 12.00
Project("{FAE04EC0-301F-11D3-BF4B-00C04F79EFBC}") = "ALogSender", "ALogSender\ALogSender.csproj", "{5DBD5D95-F6AF-4DDE-B12D-90452C371315}"
EndProject
Project("{FAE04EC0-301F-11D3-BF4B-00C04F79EFBC}") = "ALogViewer", "ALogViewer\ALogViewer.csproj", "{02C47F07-74F5-4731-94E2-11C80476CFEA}"
EndProject
Global
	GlobalSection(SolutionConfigurationPlatforms) = preSolution
		Debug|Any CPU = Debug|Any CPU
		Release|Any CPU = Release|Any CPU
	EndGlobalSection
	GlobalSection(ProjectConfigurationPlatforms) = postSolution
		{5DBD5D95-F6AF-4DDE-B12D-90452C371315}.Debug|Any CPU.ActiveCfg = Debug|Any CPU
		{5DBD5D95-F6AF-4DDE-B12D-90452C371315}.Debug|Any CPU.Build.0 = Debug|Any CPU
		{5DBD5D95-F6AF-4DDE-B12D-90452C371315}.Release|Any CPU.ActiveCfg = Release|Any CPU
		{5DBD5D95-F6AF-4DDE-B12D-90452C371315}.Release|Any CPU.Build.0 = Release|Any CPU
		{02C47F07-74F5-4731-94E2-11C80476CFEA}.Debug|Any CPU.ActiveCfg = Debug|Any CPU
		{02C47F07-74F5-4731-94E2-11C80476CFEA}.Debug|Any CPU.Build.0 = Debug|Any CPU
		{02C47F07-74F5-4731-94E2-11C80476CFEA}.Release|Any CPU.ActiveCfg = Release|Any CPU
		{02C47F07-74F5-4731-94E2-11C80476CFEA}.Release|Any CPU.Build.0 = Release|Any CPU
	EndGlobalSection
EndGlobal
